
Microsoft Visual Studio Solution File, Format Version 12.00
# Visual Studio Version 16
VisualStudioVersion = 16.0.31129.286
MinimumVisualStudioVersion = 10.0.40219.1
Project("{FAE04EC0-301F-11D3-BF4B-00C04F79EFBC}") = "UI-Testing.SeleniumTests", "UI-Testing.SeleniumTests.csproj", "{EB5EFFAE-F928-4619-8536-97641D1705BC}"
EndProject
Global
	GlobalSection(SolutionConfigurationPlatforms) = preSolution
		Debug|Any CPU = Debug|Any CPU
		Release|Any CPU = Release|Any CPU
	EndGlobalSection
	GlobalSection(ProjectConfigurationPlatforms) = postSolution
		{EB5EFFAE-F928-4619-8536-97641D1705BC}.Debug|Any CPU.ActiveCfg = Debug|Any CPU
		{EB5EFFAE-F928-4619-8536-97641D1705BC}.Debug|Any CPU.Build.0 = Debug|Any CPU
		{EB5EFFAE-F928-4619-8536-97641D1705BC}.Release|Any CPU.ActiveCfg = Release|Any CPU
		{EB5EFFAE-F928-4619-8536-97641D1705BC}.Release|Any CPU.Build.0 = Release|Any CPU
	EndGlobalSection
	GlobalSection(SolutionProperties) = preSolution
		HideSolutionNode = FALSE
	EndGlobalSection
	GlobalSection(ExtensibilityGlobals) = postSolution
		SolutionGuid = {995729AC-A6E6-4307-879D-94CC56C4E69F}
	EndGlobalSection
EndGlobal
